
Microsoft Visual Studio Solution File, Format Version 12.00
# Visual Studio Version 17
VisualStudioVersion = 17.4.33213.308
MinimumVisualStudioVersion = 10.0.40219.1
Project("{9A19103F-16F7-4668-BE54-9A1E7A4F7556}") = "RecordAndPlaybackTestProxyDemo", "RecordAndPlaybackTestProxyDemo.csproj", "{AA5AFE02-75A3-4293-AAD9-51A4E3BC5496}"
EndProject
Global
	GlobalSection(SolutionConfigurationPlatforms) = preSolution
		Debug|Any CPU = Debug|Any CPU
		Release|Any CPU = Release|Any CPU
	EndGlobalSection
	GlobalSection(ProjectConfigurationPlatforms) = postSolution
		{AA5AFE02-75A3-4293-AAD9-51A4E3BC5496}.Debug|Any CPU.ActiveCfg = Debug|Any CPU
		{AA5AFE02-75A3-4293-AAD9-51A4E3BC5496}.Debug|Any CPU.Build.0 = Debug|Any CPU
		{AA5AFE02-75A3-4293-AAD9-51A4E3BC5496}.Release|Any CPU.ActiveCfg = Release|Any CPU
		{AA5AFE02-75A3-4293-AAD9-51A4E3BC5496}.Release|Any CPU.Build.0 = Release|Any CPU
	EndGlobalSection
	GlobalSection(SolutionProperties) = preSolution
		HideSolutionNode = FALSE
	EndGlobalSection
	GlobalSection(ExtensibilityGlobals) = postSolution
		SolutionGuid = {E285C83A-ED70-4785-B88B-0C20DA90B194}
	EndGlobalSection
EndGlobal
